PODS:
  - Capacitor (6.2.0):
    - CapacitorCordova
  - CapacitorCommunitySafeArea (6.0.0-alpha.8):
    - Capacitor
  - CapacitorCordova (6.2.0)
  - CapacitorDevice (6.0.2):
    - Capacitor
  - CapacitorFilesystem (6.0.3):
    - Capacitor

DEPENDENCIES:
  - "Capacitor (from `../../node_modules/@capacitor/ios`)"
  - "CapacitorCommunitySafeArea (from `../../node_modules/@capacitor-community/safe-area`)"
  - "CapacitorCordova (from `../../node_modules/@capacitor/ios`)"
  - "CapacitorDevice (from `../../node_modules/@capacitor/device`)"
  - "CapacitorFilesystem (from `../../node_modules/@capacitor/filesystem`)"

EXTERNAL SOURCES:
  Capacitor:
    :path: "../../node_modules/@capacitor/ios"
  CapacitorCommunitySafeArea:
    :path: "../../node_modules/@capacitor-community/safe-area"
  CapacitorCordova:
    :path: "../../node_modules/@capacitor/ios"
  CapacitorDevice:
    :path: "../../node_modules/@capacitor/device"
  CapacitorFilesystem:
    :path: "../../node_modules/@capacitor/filesystem"

SPEC CHECKSUMS:
  Capacitor: 05d35014f4425b0740fc8776481f6a369ad071bf
  CapacitorCommunitySafeArea: ceb857af8cc8bb3cdaa5d789613c83c43eb1ac39
  CapacitorCordova: b33e7f4aa4ed105dd43283acdd940964374a87d9
  CapacitorDevice: 9efd479d71d1baad74b75df531184c3f730eaa48
  CapacitorFilesystem: 59270a63c60836248812671aa3b15df673fbaf74

PODFILE CHECKSUM: b39efc58729113b0a11c0062a86583279af543ce

COCOAPODS: 1.16.2
